<?xml version="1.0" encoding="utf-8"?>
<Project ToolsVersion="4.0" xmlns="http://schemas.microsoft.com/developer/msbuild/2003">
  <ItemGroup>
    <Filter Include="Source Files">
      <UniqueIdentifier>{3b4c6bb7-2d40-4875-a8b2-5c4b5b20d5f2}</UniqueIdentifier>
      <Extensions>cpp;c;cxx;rc;def;r;odl;idl;hpj;bat</Extensions>
    </Filter>
    <Filter Include="Header Files">
      <UniqueIdentifier>{ccf83e8d-611c-4c96-8843-f1b85a7431bb}</UniqueIdentifier>
      <Extensions>h;hpp;hxx;hm;inl</Extensions>
    </Filter>
  </ItemGroup>
  <ItemGroup>
    <ClCompile Include="..\SComp\explode.c">
      <Filter>Source Files</Filter>
    </ClCompile>
    <ClCompile Include="..\SComp\huffman.cpp">
      <Filter>Source Files</Filter>
    </ClCompile>
    <ClCompile Include="..\SComp\implode.c">
      <Filter>Source Files</Filter>
    </ClCompile>
    <ClCompile Include="..\SComp\SComp.cpp">
      <Filter>Source Files</Filter>
    </ClCompile>
    <ClCompile Include="..\SComp\SErr.cpp">
      <Filter>Source Files</Filter>
    </ClCompile>
    <ClCompile Include="SFmpq_static.cpp">
      <Filter>Source Files</Filter>
    </ClCompile>
    <ClCompile Include="SFmpqapi.cpp">
      <Filter>Source Files</Filter>
    </ClCompile>
    <ClCompile Include="..\SComp\SMem.cpp">
      <Filter>Source Files</Filter>
    </ClCompile>
    <ClCompile Include="..\SComp\wave.cpp">
      <Filter>Source Files</Filter>
    </ClCompile>
  </ItemGroup>
  <ItemGroup>
    <ClInclude Include="..\SComp\Huffman.h">
      <Filter>Header Files</Filter>
    </ClInclude>
    <ClInclude Include="..\SComp\pklib.h">
      <Filter>Header Files</Filter>
    </ClInclude>
    <ClInclude Include="..\SComp\SComp.h">
      <Filter>Header Files</Filter>
    </ClInclude>
    <ClInclude Include="..\SComp\SErr.h">
      <Filter>Header Files</Filter>
    </ClInclude>
    <ClInclude Include="SFmpq_static.h">
      <Filter>Header Files</Filter>
    </ClInclude>
    <ClInclude Include="SFmpqapi.h">
      <Filter>Header Files</Filter>
    </ClInclude>
    <ClInclude Include="..\SComp\SMem.h">
      <Filter>Header Files</Filter>
    </ClInclude>
    <ClInclude Include="..\SComp\wave.h">
      <Filter>Header Files</Filter>
    </ClInclude>
  </ItemGroup>
  <ItemGroup>
    <Library Include="..\SComp\ZLib_Static_min.lib" />
  </ItemGroup>
</Project>