
Microsoft Visual Studio Solution File, Format Version 11.00
# Visual Studio 2010
Project("{8BC9CEB8-8B4A-11D0-8D11-00A0C91BC942}") = "SFmpqlib", "..\src\SFmpqapi\SFmpqlib.vcxproj", "{5C9FBF08-7314-C8EB-18CB-2F3A7B8FF660}"
EndProject
Project("{8BC9CEB8-8B4A-11D0-8D11-00A0C91BC942}") = "Wc3MapMax++", "..\src\Wc3MapMax++\Wc3MapMax++.vcxproj", "{6C622666-7F07-4888-951F-629C89626022}"
	ProjectSection(ProjectDependencies) = postProject
		{5C9FBF08-7314-C8EB-18CB-2F3A7B8FF660} = {5C9FBF08-7314-C8EB-18CB-2F3A7B8FF660}
	EndProjectSection
EndProject
Global
	GlobalSection(SolutionConfigurationPlatforms) = preSolution
		Debug|Win32 = Debug|Win32
		Release|Win32 = Release|Win32
	EndGlobalSection
	GlobalSection(ProjectConfigurationPlatforms) = postSolution
		{5C9FBF08-7314-C8EB-18CB-2F3A7B8FF660}.Debug|Win32.ActiveCfg = Debug|Win32
		{5C9FBF08-7314-C8EB-18CB-2F3A7B8FF660}.Debug|Win32.Build.0 = Debug|Win32
		{5C9FBF08-7314-C8EB-18CB-2F3A7B8FF660}.Release|Win32.ActiveCfg = Release|Win32
		{5C9FBF08-7314-C8EB-18CB-2F3A7B8FF660}.Release|Win32.Build.0 = Release|Win32
		{6C622666-7F07-4888-951F-629C89626022}.Debug|Win32.ActiveCfg = Debug|Win32
		{6C622666-7F07-4888-951F-629C89626022}.Debug|Win32.Build.0 = Debug|Win32
		{6C622666-7F07-4888-951F-629C89626022}.Release|Win32.ActiveCfg = Release|Win32
		{6C622666-7F07-4888-951F-629C89626022}.Release|Win32.Build.0 = Release|Win32
	EndGlobalSection
	GlobalSection(SolutionProperties) = preSolution
		HideSolutionNode = FALSE
	EndGlobalSection
EndGlobal
